
Microsoft Visual Studio Solution File, Format Version 12.00
# Visual Studio Version 17
VisualStudioVersion = 17.7.34024.191
MinimumVisualStudioVersion = 10.0.40219.1
Project("{9A19103F-16F7-4668-BE54-9A1E7A4F7556}") = "Misharp", "Misharp\Misharp.csproj", "{F1E5B8AD-ADA6-41B8-B964-2DF551E420F5}"
EndProject
Project("{9A19103F-16F7-4668-BE54-9A1E7A4F7556}") = "Misharp.cli", "MiSharp-cli\Misharp.cli.csproj", "{F00E7201-B5E1-404C-AD6A-A5E8430C587E}"
EndProject
Global
	GlobalSection(SolutionConfigurationPlatforms) = preSolution
		Debug|Any CPU = Debug|Any CPU
		Release|Any CPU = Release|Any CPU
	EndGlobalSection
	GlobalSection(ProjectConfigurationPlatforms) = postSolution
		{F1E5B8AD-ADA6-41B8-B964-2DF551E420F5}.Debug|Any CPU.ActiveCfg = Debug|Any CPU
		{F1E5B8AD-ADA6-41B8-B964-2DF551E420F5}.Debug|Any CPU.Build.0 = Debug|Any CPU
		{F1E5B8AD-ADA6-41B8-B964-2DF551E420F5}.Release|Any CPU.ActiveCfg = Release|Any CPU
		{F1E5B8AD-ADA6-41B8-B964-2DF551E420F5}.Release|Any CPU.Build.0 = Release|Any CPU
		{F00E7201-B5E1-404C-AD6A-A5E8430C587E}.Debug|Any CPU.ActiveCfg = Debug|Any CPU
		{F00E7201-B5E1-404C-AD6A-A5E8430C587E}.Debug|Any CPU.Build.0 = Debug|Any CPU
		{F00E7201-B5E1-404C-AD6A-A5E8430C587E}.Release|Any CPU.ActiveCfg = Release|Any CPU
		{F00E7201-B5E1-404C-AD6A-A5E8430C587E}.Release|Any CPU.Build.0 = Release|Any CPU
	EndGlobalSection
	GlobalSection(SolutionProperties) = preSolution
		HideSolutionNode = FALSE
	EndGlobalSection
	GlobalSection(ExtensibilityGlobals) = postSolution
		SolutionGuid = {22C3CB2A-3935-41A7-8C0A-97417B24FFAD}
	EndGlobalSection
EndGlobal
